hash: 94c51055faab4f4d0e0f6ff7f86544e5ff0b7db9842829a79779cbb7bf733674
updated: 2018-01-01T19:42:41.160596+08:00
imports:
- name: github.com/julienschmidt/httprouter
  version: 8c199fb6259ffc1af525cc3ad52ee60ba8359669
- name: github.com/nfnt/resize
  version: 891127d8d1b52734debe1b3c3d7e747502b6c366
testImports: []
